// !$*UTF8*$!
{
	archiveVersion = 1;
	classes = {
	};
	objectVersion = 46;
	objects = {

/* Begin PBXAggregateTarget section */
		"TimeZonePicker::TimeZonePickerPackageTests::ProductTarget" /* TimeZonePickerPackageTests */ = {
			isa = PBXAggregateTarget;
			buildConfigurationList = OBJ_40 /* Build configuration list for PBXAggregateTarget "TimeZonePickerPackageTests" */;
			buildPhases = (
			);
			dependencies = (
				OBJ_43 /* PBXTargetDependency */,
			);
			name = TimeZonePickerPackageTests;
			productName = TimeZonePickerPackageTests;
		};
/* End PBXAggregateTarget section */

/* Begin PBXBuildFile section */
		333C448B243F6E7600BF66BD /* TimeZonePickerDelegate.swift in Sources */ = {isa = PBXBuildFile; fileRef = 333C4487243F6E7600BF66BD /* TimeZonePickerDelegate.swift */; };
		333C448C243F6E7600BF66BD /* CityCountryTimeZone.swift in Sources */ = {isa = PBXBuildFile; fileRef = 333C4489243F6E7600BF66BD /* CityCountryTimeZone.swift */; };
		333C448D243F6E7600BF66BD /* TimeZonePickerViewController.swift in Sources */ = {isa = PBXBuildFile; fileRef = 333C4488243F6E7600BF66BD /* TimeZonePickerViewController.swift */; };
		333C448E243F6E7600BF66BD /* TimeZonePickerDataSource.swift in Sources */ = {isa = PBXBuildFile; fileRef = 333C448A243F6E7600BF66BD /* TimeZonePickerDataSource.swift */; };
		333C44922440A57100BF66BD /* CitiesAndTimeZones.json in Sources */ = {isa = PBXBuildFile; fileRef = 333C4490243F6EA300BF66BD /* CitiesAndTimeZones.json */; };
		333C44932440A57100BF66BD /* TimeZonePicker.storyboard in Sources */ = {isa = PBXBuildFile; fileRef = 333C4491243F6EAE00BF66BD /* TimeZonePicker.storyboard */; };
		OBJ_31 /* TimeZonePicker.swift in Sources */ = {isa = PBXBuildFile; fileRef = OBJ_9 /* TimeZonePicker.swift */; };
		OBJ_38 /* Package.swift in Sources */ = {isa = PBXBuildFile; fileRef = OBJ_6 /* Package.swift */; };
		OBJ_49 /* TimeZonePickerTests.swift in Sources */ = {isa = PBXBuildFile; fileRef = OBJ_12 /* TimeZonePickerTests.swift */; };
		OBJ_50 /* XCTestManifests.swift in Sources */ = {isa = PBXBuildFile; fileRef = OBJ_13 /* XCTestManifests.swift */; };
		OBJ_52 /* TimeZonePicker.framework in Frameworks */ = {isa = PBXBuildFile; fileRef = "TimeZonePicker::TimeZonePicker::Product" /* TimeZonePicker.framework */; };
/* End PBXBuildFile section */

/* Begin PBXContainerItemProxy section */
		333C4485243F6E6600BF66BD /* PBXContainerItemProxy */ = {
			isa = PBXContainerItemProxy;
			containerPortal = OBJ_1 /* Project object */;
			proxyType = 1;
			remoteGlobalIDString = "TimeZonePicker::TimeZonePicker";
			remoteInfo = TimeZonePicker;
		};
		333C4486243F6E6700BF66BD /* PBXContainerItemProxy */ = {
			isa = PBXContainerItemProxy;
			containerPortal = OBJ_1 /* Project object */;
			proxyType = 1;
			remoteGlobalIDString = "TimeZonePicker::TimeZonePickerTests";
			remoteInfo = TimeZonePickerTests;
		};
/* End PBXContainerItemProxy section */

/* Begin PBXFileReference section */
		333C4487243F6E7600BF66BD /* TimeZonePickerDelegate.swift */ = {isa = PBXFileReference; lastKnownFileType = sourcecode.swift; path = TimeZonePickerDelegate.swift; sourceTree = "<group>"; };
		333C4488243F6E7600BF66BD /* TimeZonePickerViewController.swift */ = {isa = PBXFileReference; lastKnownFileType = sourcecode.swift; path = TimeZonePickerViewController.swift; sourceTree = "<group>"; };
		333C4489243F6E7600BF66BD /* CityCountryTimeZone.swift */ = {isa = PBXFileReference; lastKnownFileType = sourcecode.swift; path = CityCountryTimeZone.swift; sourceTree = "<group>"; };
		333C448A243F6E7600BF66BD /* TimeZonePickerDataSource.swift */ = {isa = PBXFileReference; lastKnownFileType = sourcecode.swift; path = TimeZonePickerDataSource.swift; sourceTree = "<group>"; };
		333C4490243F6EA300BF66BD /* CitiesAndTimeZones.json */ = {isa = PBXFileReference; fileEncoding = 4; lastKnownFileType = text.json; name = CitiesAndTimeZones.json; path = Sources/TimeZonePicker/Resources1/CitiesAndTimeZones.json; sourceTree = SOURCE_ROOT; };
		333C4491243F6EAE00BF66BD /* TimeZonePicker.storyboard */ = {isa = PBXFileReference; fileEncoding = 4; lastKnownFileType = file.storyboard; name = TimeZonePicker.storyboard; path = Sources/TimeZonePicker/Resources1/TimeZonePicker.storyboard; sourceTree = SOURCE_ROOT; };
		OBJ_12 /* TimeZonePickerTests.swift */ = {isa = PBXFileReference; lastKnownFileType = sourcecode.swift; path = TimeZonePickerTests.swift; sourceTree = "<group>"; };
		OBJ_13 /* XCTestManifests.swift */ = {isa = PBXFileReference; lastKnownFileType = sourcecode.swift; path = XCTestManifests.swift; sourceTree = "<group>"; };
		OBJ_17 /* Screenshots */ = {isa = PBXFileReference; lastKnownFileType = folder; path = Screenshots; sourceTree = SOURCE_ROOT; };
		OBJ_18 /* Classes */ = {isa = PBXFileReference; lastKnownFileType = folder; path = Classes; sourceTree = SOURCE_ROOT; };
		OBJ_20 /* TimeZonePickerExample */ = {isa = PBXFileReference; lastKnownFileType = folder; path = TimeZonePickerExample; sourceTree = SOURCE_ROOT; };
		OBJ_21 /* CODE_OF_CONDUCT.md */ = {isa = PBXFileReference; lastKnownFileType = net.daringfireball.markdown; path = CODE_OF_CONDUCT.md; sourceTree = "<group>"; };
		OBJ_22 /* LICENSE */ = {isa = PBXFileReference; lastKnownFileType = text; path = LICENSE; sourceTree = "<group>"; };
		OBJ_23 /* bitrise.yml */ = {isa = PBXFileReference; lastKnownFileType = text.yaml; path = bitrise.yml; sourceTree = "<group>"; };
		OBJ_24 /* README.md */ = {isa = PBXFileReference; lastKnownFileType = net.daringfireball.markdown; path = README.md; sourceTree = "<group>"; };
		OBJ_25 /* TimeZonePicker.podspec */ = {isa = PBXFileReference; lastKnownFileType = text; path = TimeZonePicker.podspec; sourceTree = "<group>"; };
		OBJ_6 /* Package.swift */ = {isa = PBXFileReference; explicitFileType = sourcecode.swift; path = Package.swift; sourceTree = "<group>"; };
		OBJ_9 /* TimeZonePicker.swift */ = {isa = PBXFileReference; lastKnownFileType = sourcecode.swift; path = TimeZonePicker.swift; sourceTree = "<group>"; };
		"TimeZonePicker::TimeZonePicker::Product" /* TimeZonePicker.framework */ = {isa = PBXFileReference; lastKnownFileType = wrapper.framework; path = TimeZonePicker.framework; sourceTree = BUILT_PRODUCTS_DIR; };
		"TimeZonePicker::TimeZonePickerTests::Product" /* TimeZonePickerTests.xctest */ = {isa = PBXFileReference; lastKnownFileType = file; path = TimeZonePickerTests.xctest; sourceTree = BUILT_PRODUCTS_DIR; };
/* End PBXFileReference section */

/* Begin PBXFrameworksBuildPhase section */
		OBJ_32 /* Frameworks */ = {
			isa = PBXFrameworksBuildPhase;
			buildActionMask = 0;
			files = (
			);
			runOnlyForDeploymentPostprocessing = 0;
		};
		OBJ_51 /* Frameworks */ = {
			isa = PBXFrameworksBuildPhase;
			buildActionMask = 0;
			files = (
				OBJ_52 /* TimeZonePicker.framework in Frameworks */,
			);
			runOnlyForDeploymentPostprocessing = 0;
		};
/* End PBXFrameworksBuildPhase section */

/* Begin PBXGroup section */
		333C448F243F6E9200BF66BD /* Resources */ = {
			isa = PBXGroup;
			children = (
				333C4490243F6EA300BF66BD /* CitiesAndTimeZones.json */,
				333C4491243F6EAE00BF66BD /* TimeZonePicker.storyboard */,
			);
			path = Resources;
			sourceTree = "<group>";
		};
		OBJ_10 /* Tests */ = {
			isa = PBXGroup;
			children = (
				OBJ_11 /* TimeZonePickerTests */,
			);
			name = Tests;
			sourceTree = SOURCE_ROOT;
		};
		OBJ_11 /* TimeZonePickerTests */ = {
			isa = PBXGroup;
			children = (
				OBJ_12 /* TimeZonePickerTests.swift */,
				OBJ_13 /* XCTestManifests.swift */,
			);
			name = TimeZonePickerTests;
			path = Tests/TimeZonePickerTests;
			sourceTree = SOURCE_ROOT;
		};
		OBJ_14 /* Products */ = {
			isa = PBXGroup;
			children = (
				"TimeZonePicker::TimeZonePickerTests::Product" /* TimeZonePickerTests.xctest */,
				"TimeZonePicker::TimeZonePicker::Product" /* TimeZonePicker.framework */,
			);
			name = Products;
			sourceTree = BUILT_PRODUCTS_DIR;
		};
		OBJ_5 /*  */ = {
			isa = PBXGroup;
			children = (
				OBJ_6 /* Package.swift */,
				OBJ_7 /* Sources */,
				OBJ_10 /* Tests */,
				OBJ_14 /* Products */,
				OBJ_17 /* Screenshots */,
				OBJ_18 /* Classes */,
				OBJ_20 /* TimeZonePickerExample */,
				OBJ_21 /* CODE_OF_CONDUCT.md */,
				OBJ_22 /* LICENSE */,
				OBJ_23 /* bitrise.yml */,
				OBJ_24 /* README.md */,
				OBJ_25 /* TimeZonePicker.podspec */,
			);
			name = "";
			sourceTree = "<group>";
		};
		OBJ_7 /* Sources */ = {
			isa = PBXGroup;
			children = (
				OBJ_8 /* TimeZonePicker */,
			);
			name = Sources;
			sourceTree = SOURCE_ROOT;
		};
		OBJ_8 /* TimeZonePicker */ = {
			isa = PBXGroup;
			children = (
				333C448F243F6E9200BF66BD /* Resources */,
				OBJ_9 /* TimeZonePicker.swift */,
				333C4489243F6E7600BF66BD /* CityCountryTimeZone.swift */,
				333C448A243F6E7600BF66BD /* TimeZonePickerDataSource.swift */,
				333C4487243F6E7600BF66BD /* TimeZonePickerDelegate.swift */,
				333C4488243F6E7600BF66BD /* TimeZonePickerViewController.swift */,
			);
			name = TimeZonePicker;
			path = Sources/TimeZonePicker;
			sourceTree = SOURCE_ROOT;
		};
/* End PBXGroup section */

/* Begin PBXNativeTarget section */
		"TimeZonePicker::SwiftPMPackageDescription" /* TimeZonePickerPackageDescription */ = {
			isa = PBXNativeTarget;
			buildConfigurationList = OBJ_34 /* Build configuration list for PBXNativeTarget "TimeZonePickerPackageDescription" */;
			buildPhases = (
				OBJ_37 /* Sources */,
			);
			buildRules = (
			);
			dependencies = (
			);
			name = TimeZonePickerPackageDescription;
			productName = TimeZonePickerPackageDescription;
			productType = "com.apple.product-type.framework";
		};
		"TimeZonePicker::TimeZonePicker" /* TimeZonePicker */ = {
			isa = PBXNativeTarget;
			buildConfigurationList = OBJ_27 /* Build configuration list for PBXNativeTarget "TimeZonePicker" */;
			buildPhases = (
				OBJ_30 /* Sources */,
				OBJ_32 /* Frameworks */,
			);
			buildRules = (
			);
			dependencies = (
			);
			name = TimeZonePicker;
			productName = TimeZonePicker;
			productReference = "TimeZonePicker::TimeZonePicker::Product" /* TimeZonePicker.framework */;
			productType = "com.apple.product-type.framework";
		};
		"TimeZonePicker::TimeZonePickerTests" /* TimeZonePickerTests */ = {
			isa = PBXNativeTarget;
			buildConfigurationList = OBJ_45 /* Build configuration list for PBXNativeTarget "TimeZonePickerTests" */;
			buildPhases = (
				OBJ_48 /* Sources */,
				OBJ_51 /* Frameworks */,
			);
			buildRules = (
			);
			dependencies = (
				OBJ_53 /* PBXTargetDependency */,
			);
			name = TimeZonePickerTests;
			productName = TimeZonePickerTests;
			productReference = "TimeZonePicker::TimeZonePickerTests::Product" /* TimeZonePickerTests.xctest */;
			productType = "com.apple.product-type.bundle.unit-test";
		};
/* End PBXNativeTarget section */

/* Begin PBXProject section */
		OBJ_1 /* Project object */ = {
			isa = PBXProject;
			attributes = {
				LastSwiftMigration = 9999;
				LastUpgradeCheck = 9999;
			};
			buildConfigurationList = OBJ_2 /* Build configuration list for PBXProject "TimeZonePicker" */;
			compatibilityVersion = "Xcode 3.2";
			developmentRegion = en;
			hasScannedForEncodings = 0;
			knownRegions = (
				en,
			);
			mainGroup = OBJ_5 /*  */;
			productRefGroup = OBJ_14 /* Products */;
			projectDirPath = "";
			projectRoot = "";
			targets = (
				"TimeZonePicker::TimeZonePicker" /* TimeZonePicker */,
				"TimeZonePicker::SwiftPMPackageDescription" /* TimeZonePickerPackageDescription */,
				"TimeZonePicker::TimeZonePickerPackageTests::ProductTarget" /* TimeZonePickerPackageTests */,
				"TimeZonePicker::TimeZonePickerTests" /* TimeZonePickerTests */,
			);
		};
/* End PBXProject section */

/* Begin PBXSourcesBuildPhase section */
		OBJ_30 /* Sources */ = {
			isa = PBXSourcesBuildPhase;
			buildActionMask = 0;
			files = (
				333C44922440A57100BF66BD /* CitiesAndTimeZones.json in Sources */,
				333C44932440A57100BF66BD /* TimeZonePicker.storyboard in Sources */,
				333C448C243F6E7600BF66BD /* CityCountryTimeZone.swift in Sources */,
				333C448D243F6E7600BF66BD /* TimeZonePickerViewController.swift in Sources */,
				333C448E243F6E7600BF66BD /* TimeZonePickerDataSource.swift in Sources */,
				OBJ_31 /* TimeZonePicker.swift in Sources */,
				333C448B243F6E7600BF66BD /* TimeZonePickerDelegate.swift in Sources */,
			);
			runOnlyForDeploymentPostprocessing = 0;
		};
		OBJ_37 /* Sources */ = {
			isa = PBXSourcesBuildPhase;
			buildActionMask = 0;
			files = (
				OBJ_38 /* Package.swift in Sources */,
			);
			runOnlyForDeploymentPostprocessing = 0;
		};
		OBJ_48 /* Sources */ = {
			isa = PBXSourcesBuildPhase;
			buildActionMask = 0;
			files = (
				OBJ_49 /* TimeZonePickerTests.swift in Sources */,
				OBJ_50 /* XCTestManifests.swift in Sources */,
			);
			runOnlyForDeploymentPostprocessing = 0;
		};
/* End PBXSourcesBuildPhase section */

/* Begin PBXTargetDependency section */
		OBJ_43 /* PBXTargetDependency */ = {
			isa = PBXTargetDependency;
			target = "TimeZonePicker::TimeZonePickerTests" /* TimeZonePickerTests */;
			targetProxy = 333C4486243F6E6700BF66BD /* PBXContainerItemProxy */;
		};
		OBJ_53 /* PBXTargetDependency */ = {
			isa = PBXTargetDependency;
			target = "TimeZonePicker::TimeZonePicker" /* TimeZonePicker */;
			targetProxy = 333C4485243F6E6600BF66BD /* PBXContainerItemProxy */;
		};
/* End PBXTargetDependency section */

/* Begin XCBuildConfiguration section */
		OBJ_28 /* Debug */ = {
			isa = XCBuildConfiguration;
			buildSettings = {
				ENABLE_TESTABILITY = YES;
				FRAMEWORK_SEARCH_PATHS = (
					"$(inherited)",
					"$(PLATFORM_DIR)/Developer/Library/Frameworks",
				);
				HEADER_SEARCH_PATHS = "$(inherited)";
				INFOPLIST_FILE = TimeZonePicker.xcodeproj/TimeZonePicker_Info.plist;
				IPHONEOS_DEPLOYMENT_TARGET = 8.0;
				LD_RUNPATH_SEARCH_PATHS = "$(inherited) $(TOOLCHAIN_DIR)/usr/lib/swift/macosx";
				MACOSX_DEPLOYMENT_TARGET = 10.10;
				OTHER_CFLAGS = "$(inherited)";
				OTHER_LDFLAGS = "$(inherited)";
				OTHER_SWIFT_FLAGS = "$(inherited)";
				PRODUCT_BUNDLE_IDENTIFIER = TimeZonePicker;
				PRODUCT_MODULE_NAME = "$(TARGET_NAME:c99extidentifier)";
				PRODUCT_NAME = "$(TARGET_NAME:c99extidentifier)";
				SKIP_INSTALL = YES;
				SWIFT_ACTIVE_COMPILATION_CONDITIONS = "$(inherited)";
				SWIFT_VERSION = 5.0;
				TARGET_NAME = TimeZonePicker;
				TVOS_DEPLOYMENT_TARGET = 9.0;
				WATCHOS_DEPLOYMENT_TARGET = 2.0;
			};
			name = Debug;
		};
		OBJ_29 /* Release */ = {
			isa = XCBuildConfiguration;
			buildSettings = {
				ENABLE_TESTABILITY = YES;
				FRAMEWORK_SEARCH_PATHS = (
					"$(inherited)",
					"$(PLATFORM_DIR)/Developer/Library/Frameworks",
				);
				HEADER_SEARCH_PATHS = "$(inherited)";
				INFOPLIST_FILE = TimeZonePicker.xcodeproj/TimeZonePicker_Info.plist;
				IPHONEOS_DEPLOYMENT_TARGET = 8.0;
				LD_RUNPATH_SEARCH_PATHS = "$(inherited) $(TOOLCHAIN_DIR)/usr/lib/swift/macosx";
				MACOSX_DEPLOYMENT_TARGET = 10.10;
				OTHER_CFLAGS = "$(inherited)";
				OTHER_LDFLAGS = "$(inherited)";
				OTHER_SWIFT_FLAGS = "$(inherited)";
				PRODUCT_BUNDLE_IDENTIFIER = TimeZonePicker;
				PRODUCT_MODULE_NAME = "$(TARGET_NAME:c99extidentifier)";
				PRODUCT_NAME = "$(TARGET_NAME:c99extidentifier)";
				SKIP_INSTALL = YES;
				SWIFT_ACTIVE_COMPILATION_CONDITIONS = "$(inherited)";
				SWIFT_VERSION = 5.0;
				TARGET_NAME = TimeZonePicker;
				TVOS_DEPLOYMENT_TARGET = 9.0;
				WATCHOS_DEPLOYMENT_TARGET = 2.0;
			};
			name = Release;
		};
		OBJ_3 /* Debug */ = {
			isa = XCBuildConfiguration;
			buildSettings = {
				CLANG_ENABLE_OBJC_ARC = YES;
				COMBINE_HIDPI_IMAGES = YES;
				COPY_PHASE_STRIP = NO;
				DEBUG_INFORMATION_FORMAT = dwarf;
				DYLIB_INSTALL_NAME_BASE = "@rpath";
				ENABLE_NS_ASSERTIONS = YES;
				GCC_OPTIMIZATION_LEVEL = 0;
				GCC_PREPROCESSOR_DEFINITIONS = (
					"$(inherited)",
					"SWIFT_PACKAGE=1",
					"DEBUG=1",
				);
				MACOSX_DEPLOYMENT_TARGET = 10.10;
				ONLY_ACTIVE_ARCH = YES;
				OTHER_SWIFT_FLAGS = "$(inherited) -DXcode";
				PRODUCT_NAME = "$(TARGET_NAME)";
				SDKROOT = macosx;
				SUPPORTED_PLATFORMS = "macosx iphoneos iphonesimulator appletvos appletvsimulator watchos watchsimulator";
				SWIFT_ACTIVE_COMPILATION_CONDITIONS = "$(inherited) SWIFT_PACKAGE DEBUG";
				SWIFT_OPTIMIZATION_LEVEL = "-Onone";
				USE_HEADERMAP = NO;
			};
			name = Debug;
		};
		OBJ_35 /* Debug */ = {
			isa = XCBuildConfiguration;
			buildSettings = {
				LD = /usr/bin/true;
				OTHER_SWIFT_FLAGS = "-swift-version 5 -I $(TOOLCHAIN_DIR)/usr/lib/swift/pm/4_2 -target x86_64-apple-macosx10.10 -sdk /Applications/Xcode.app/Contents/Developer/Platforms/MacOSX.platform/Developer/SDKs/MacOSX10.15.sdk -package-description-version 5.1";
				SWIFT_VERSION = 5.0;
			};
			name = Debug;
		};
		OBJ_36 /* Release */ = {
			isa = XCBuildConfiguration;
			buildSettings = {
				LD = /usr/bin/true;
				OTHER_SWIFT_FLAGS = "-swift-version 5 -I $(TOOLCHAIN_DIR)/usr/lib/swift/pm/4_2 -target x86_64-apple-macosx10.10 -sdk /Applications/Xcode.app/Contents/Developer/Platforms/MacOSX.platform/Developer/SDKs/MacOSX10.15.sdk -package-description-version 5.1";
				SWIFT_VERSION = 5.0;
			};
			name = Release;
		};
		OBJ_4 /* Release */ = {
			isa = XCBuildConfiguration;
			buildSettings = {
				CLANG_ENABLE_OBJC_ARC = YES;
				COMBINE_HIDPI_IMAGES = YES;
				COPY_PHASE_STRIP = YES;
				DEBUG_INFORMATION_FORMAT = "dwarf-with-dsym";
				DYLIB_INSTALL_NAME_BASE = "@rpath";
				GCC_OPTIMIZATION_LEVEL = s;
				GCC_PREPROCESSOR_DEFINITIONS = (
					"$(inherited)",
					"SWIFT_PACKAGE=1",
				);
				MACOSX_DEPLOYMENT_TARGET = 10.10;
				OTHER_SWIFT_FLAGS = "$(inherited) -DXcode";
				PRODUCT_NAME = "$(TARGET_NAME)";
				SDKROOT = macosx;
				SUPPORTED_PLATFORMS = "macosx iphoneos iphonesimulator appletvos appletvsimulator watchos watchsimulator";
				SWIFT_ACTIVE_COMPILATION_CONDITIONS = "$(inherited) SWIFT_PACKAGE";
				SWIFT_OPTIMIZATION_LEVEL = "-Owholemodule";
				USE_HEADERMAP = NO;
			};
			name = Release;
		};
		OBJ_41 /* Debug */ = {
			isa = XCBuildConfiguration;
			buildSettings = {
			};
			name = Debug;
		};
		OBJ_42 /* Release */ = {
			isa = XCBuildConfiguration;
			buildSettings = {
			};
			name = Release;
		};
		OBJ_46 /* Debug */ = {
			isa = XCBuildConfiguration;
			buildSettings = {
				CLANG_ENABLE_MODULES = YES;
				EMBEDDED_CONTENT_CONTAINS_SWIFT = YES;
				FRAMEWORK_SEARCH_PATHS = (
					"$(inherited)",
					"$(PLATFORM_DIR)/Developer/Library/Frameworks",
				);
				HEADER_SEARCH_PATHS = "$(inherited)";
				INFOPLIST_FILE = TimeZonePicker.xcodeproj/TimeZonePickerTests_Info.plist;
				IPHONEOS_DEPLOYMENT_TARGET = 8.0;
				LD_RUNPATH_SEARCH_PATHS = "$(inherited) @loader_path/../Frameworks @loader_path/Frameworks";
				MACOSX_DEPLOYMENT_TARGET = 10.10;
				OTHER_CFLAGS = "$(inherited)";
				OTHER_LDFLAGS = "$(inherited)";
				OTHER_SWIFT_FLAGS = "$(inherited)";
				SWIFT_ACTIVE_COMPILATION_CONDITIONS = "$(inherited)";
				SWIFT_VERSION = 5.0;
				TARGET_NAME = TimeZonePickerTests;
				TVOS_DEPLOYMENT_TARGET = 9.0;
				WATCHOS_DEPLOYMENT_TARGET = 2.0;
			};
			name = Debug;
		};
		OBJ_47 /* Release */ = {
			isa = XCBuildConfiguration;
			buildSettings = {
				CLANG_ENABLE_MODULES = YES;
				EMBEDDED_CONTENT_CONTAINS_SWIFT = YES;
				FRAMEWORK_SEARCH_PATHS = (
					"$(inherited)",
					"$(PLATFORM_DIR)/Developer/Library/Frameworks",
				);
				HEADER_SEARCH_PATHS = "$(inherited)";
				INFOPLIST_FILE = TimeZonePicker.xcodeproj/TimeZonePickerTests_Info.plist;
				IPHONEOS_DEPLOYMENT_TARGET = 8.0;
				LD_RUNPATH_SEARCH_PATHS = "$(inherited) @loader_path/../Frameworks @loader_path/Frameworks";
				MACOSX_DEPLOYMENT_TARGET = 10.10;
				OTHER_CFLAGS = "$(inherited)";
				OTHER_LDFLAGS = "$(inherited)";
				OTHER_SWIFT_FLAGS = "$(inherited)";
				SWIFT_ACTIVE_COMPILATION_CONDITIONS = "$(inherited)";
				SWIFT_VERSION = 5.0;
				TARGET_NAME = TimeZonePickerTests;
				TVOS_DEPLOYMENT_TARGET = 9.0;
				WATCHOS_DEPLOYMENT_TARGET = 2.0;
			};
			name = Release;
		};
/* End XCBuildConfiguration section */

/* Begin XCConfigurationList section */
		OBJ_2 /* Build configuration list for PBXProject "TimeZonePicker" */ = {
			isa = XCConfigurationList;
			buildConfigurations = (
				OBJ_3 /* Debug */,
				OBJ_4 /* Release */,
			);
			defaultConfigurationIsVisible = 0;
			defaultConfigurationName = Release;
		};
		OBJ_27 /* Build configuration list for PBXNativeTarget "TimeZonePicker" */ = {
			isa = XCConfigurationList;
			buildConfigurations = (
				OBJ_28 /* Debug */,
				OBJ_29 /* Release */,
			);
			defaultConfigurationIsVisible = 0;
			defaultConfigurationName = Release;
		};
		OBJ_34 /* Build configuration list for PBXNativeTarget "TimeZonePickerPackageDescription" */ = {
			isa = XCConfigurationList;
			buildConfigurations = (
				OBJ_35 /* Debug */,
				OBJ_36 /* Release */,
			);
			defaultConfigurationIsVisible = 0;
			defaultConfigurationName = Release;
		};
		OBJ_40 /* Build configuration list for PBXAggregateTarget "TimeZonePickerPackageTests" */ = {
			isa = XCConfigurationList;
			buildConfigurations = (
				OBJ_41 /* Debug */,
				OBJ_42 /* Release */,
			);
			defaultConfigurationIsVisible = 0;
			defaultConfigurationName = Release;
		};
		OBJ_45 /* Build configuration list for PBXNativeTarget "TimeZonePickerTests" */ = {
			isa = XCConfigurationList;
			buildConfigurations = (
				OBJ_46 /* Debug */,
				OBJ_47 /* Release */,
			);
			defaultConfigurationIsVisible = 0;
			defaultConfigurationName = Release;
		};
/* End XCConfigurationList section */
	};
	rootObject = OBJ_1 /* Project object */;
}
